
Microsoft Visual Studio Solution File, Format Version 12.00
# Visual Studio Version 17
VisualStudioVersion = 17.7.34202.233
MinimumVisualStudioVersion = 10.0.40219.1
Project("{FAE04EC0-301F-11D3-BF4B-00C04F79EFBC}") = "Zad_4.2", "Zad_4.2.csproj", "{3AEF3A69-425D-45C1-8A0B-E70E4561A53A}"
EndProject
Global
	GlobalSection(SolutionConfigurationPlatforms) = preSolution
		Debug|Any CPU = Debug|Any CPU
		Release|Any CPU = Release|Any CPU
	EndGlobalSection
	GlobalSection(ProjectConfigurationPlatforms) = postSolution
		{3AEF3A69-425D-45C1-8A0B-E70E4561A53A}.Debug|Any CPU.ActiveCfg = Debug|Any CPU
		{3AEF3A69-425D-45C1-8A0B-E70E4561A53A}.Debug|Any CPU.Build.0 = Debug|Any CPU
		{3AEF3A69-425D-45C1-8A0B-E70E4561A53A}.Release|Any CPU.ActiveCfg = Release|Any CPU
		{3AEF3A69-425D-45C1-8A0B-E70E4561A53A}.Release|Any CPU.Build.0 = Release|Any CPU
	EndGlobalSection
	GlobalSection(SolutionProperties) = preSolution
		HideSolutionNode = FALSE
	EndGlobalSection
	GlobalSection(ExtensibilityGlobals) = postSolution
		SolutionGuid = {1F2C6DE1-873D-48FA-9AA8-0D6276695655}
	EndGlobalSection
EndGlobal
