
Microsoft Visual Studio Solution File, Format Version 12.00
# Visual Studio Version 17
VisualStudioVersion = 17.7.34202.233
MinimumVisualStudioVersion = 10.0.40219.1
Project("{FAE04EC0-301F-11D3-BF4B-00C04F79EFBC}") = "Zad_3.6", "Zad_3.6.csproj", "{9BB85102-24E4-4CB1-A983-EF4A1CDC64C0}"
EndProject
Global
	GlobalSection(SolutionConfigurationPlatforms) = preSolution
		Debug|Any CPU = Debug|Any CPU
		Release|Any CPU = Release|Any CPU
	EndGlobalSection
	GlobalSection(ProjectConfigurationPlatforms) = postSolution
		{9BB85102-24E4-4CB1-A983-EF4A1CDC64C0}.Debug|Any CPU.ActiveCfg = Debug|Any CPU
		{9BB85102-24E4-4CB1-A983-EF4A1CDC64C0}.Debug|Any CPU.Build.0 = Debug|Any CPU
		{9BB85102-24E4-4CB1-A983-EF4A1CDC64C0}.Release|Any CPU.ActiveCfg = Release|Any CPU
		{9BB85102-24E4-4CB1-A983-EF4A1CDC64C0}.Release|Any CPU.Build.0 = Release|Any CPU
	EndGlobalSection
	GlobalSection(SolutionProperties) = preSolution
		HideSolutionNode = FALSE
	EndGlobalSection
	GlobalSection(ExtensibilityGlobals) = postSolution
		SolutionGuid = {F47D67D9-80F9-4338-A008-299868A48793}
	EndGlobalSection
EndGlobal
