
Microsoft Visual Studio Solution File, Format Version 12.00
# Visual Studio Version 17
VisualStudioVersion = 17.7.34202.233
MinimumVisualStudioVersion = 10.0.40219.1
Project("{FAE04EC0-301F-11D3-BF4B-00C04F79EFBC}") = "Zad_3.14", "Zad_3.14.csproj", "{0489AB34-30D8-4CEC-9D8B-6394C545894F}"
EndProject
Global
	GlobalSection(SolutionConfigurationPlatforms) = preSolution
		Debug|Any CPU = Debug|Any CPU
		Release|Any CPU = Release|Any CPU
	EndGlobalSection
	GlobalSection(ProjectConfigurationPlatforms) = postSolution
		{0489AB34-30D8-4CEC-9D8B-6394C545894F}.Debug|Any CPU.ActiveCfg = Debug|Any CPU
		{0489AB34-30D8-4CEC-9D8B-6394C545894F}.Debug|Any CPU.Build.0 = Debug|Any CPU
		{0489AB34-30D8-4CEC-9D8B-6394C545894F}.Release|Any CPU.ActiveCfg = Release|Any CPU
		{0489AB34-30D8-4CEC-9D8B-6394C545894F}.Release|Any CPU.Build.0 = Release|Any CPU
	EndGlobalSection
	GlobalSection(SolutionProperties) = preSolution
		HideSolutionNode = FALSE
	EndGlobalSection
	GlobalSection(ExtensibilityGlobals) = postSolution
		SolutionGuid = {3D783DF0-86D5-4F46-B4FA-E405B679FF35}
	EndGlobalSection
EndGlobal
