
Microsoft Visual Studio Solution File, Format Version 12.00
# Visual Studio Version 17
VisualStudioVersion = 17.7.34202.233
MinimumVisualStudioVersion = 10.0.40219.1
Project("{FAE04EC0-301F-11D3-BF4B-00C04F79EFBC}") = "Zad_2.9", "Zad_2.9.csproj", "{583EE00D-F1B7-4523-ADBD-2486A9847A10}"
EndProject
Global
	GlobalSection(SolutionConfigurationPlatforms) = preSolution
		Debug|Any CPU = Debug|Any CPU
		Release|Any CPU = Release|Any CPU
	EndGlobalSection
	GlobalSection(ProjectConfigurationPlatforms) = postSolution
		{583EE00D-F1B7-4523-ADBD-2486A9847A10}.Debug|Any CPU.ActiveCfg = Debug|Any CPU
		{583EE00D-F1B7-4523-ADBD-2486A9847A10}.Debug|Any CPU.Build.0 = Debug|Any CPU
		{583EE00D-F1B7-4523-ADBD-2486A9847A10}.Release|Any CPU.ActiveCfg = Release|Any CPU
		{583EE00D-F1B7-4523-ADBD-2486A9847A10}.Release|Any CPU.Build.0 = Release|Any CPU
	EndGlobalSection
	GlobalSection(SolutionProperties) = preSolution
		HideSolutionNode = FALSE
	EndGlobalSection
	GlobalSection(ExtensibilityGlobals) = postSolution
		SolutionGuid = {B0D3D770-3B4B-4721-ABDB-964011A1BA27}
	EndGlobalSection
EndGlobal
